{
  "name": "shipforge-cli",
  "version": "0.1.0",
  "lockfileVersion": 3,
  "requires": true,
  "packages": {
    "": {
      "name": "shipforge-cli",
      "version": "0.1.0",
      "license": "MIT",
      "bin": {
        "shipforge": "bin/shipforge.js"
      },
      "engines": {
        "node": ">=22.14.0"
      }
    }
  }
}
